
Microsoft Visual Studio Solution File, Format Version 12.00
# Visual Studio Version 17
VisualStudioVersion = 17.9.34723.18
MinimumVisualStudioVersion = 10.0.40219.1
Project("{FAE04EC0-301F-11D3-BF4B-00C04F79EFBC}") = "kursach", "kursach\kursach.csproj", "{FB3CF0AF-9FD0-4241-BDDC-320697E7CA38}"
EndProject
Global
	GlobalSection(SolutionConfigurationPlatforms) = preSolution
		Debug|Any CPU = Debug|Any CPU
		Release|Any CPU = Release|Any CPU
	EndGlobalSection
	GlobalSection(ProjectConfigurationPlatforms) = postSolution
		{FB3CF0AF-9FD0-4241-BDDC-320697E7CA38}.Debug|Any CPU.ActiveCfg = Debug|Any CPU
		{FB3CF0AF-9FD0-4241-BDDC-320697E7CA38}.Debug|Any CPU.Build.0 = Debug|Any CPU
		{FB3CF0AF-9FD0-4241-BDDC-320697E7CA38}.Release|Any CPU.ActiveCfg = Release|Any CPU
		{FB3CF0AF-9FD0-4241-BDDC-320697E7CA38}.Release|Any CPU.Build.0 = Release|Any CPU
	EndGlobalSection
	GlobalSection(SolutionProperties) = preSolution
		HideSolutionNode = FALSE
	EndGlobalSection
	GlobalSection(ExtensibilityGlobals) = postSolution
		SolutionGuid = {1659E759-0CCB-473F-BB35-1DDE53B77352}
	EndGlobalSection
EndGlobal
